// !$*UTF8*$!
{
	archiveVersion = 1;
	classes = {
	};
	objectVersion = 50;
	objects = {

/* Begin PBXBuildFile section */
		6359BF5A25D62E7C00C51EB3 /* AppDelegate.swift in Sources */ = {isa = PBXBuildFile; fileRef = 6359BF5925D62E7C00C51EB3 /* AppDelegate.swift */; };
		6359BF5C25D62E7C00C51EB3 /* SceneDelegate.swift in Sources */ = {isa = PBXBuildFile; fileRef = 6359BF5B25D62E7C00C51EB3 /* SceneDelegate.swift */; };
		6359BF6325D62E7D00C51EB3 /* Assets.xcassets in Resources */ = {isa = PBXBuildFile; fileRef = 6359BF6225D62E7D00C51EB3 /* Assets.xcassets */; };
		6359BF6625D62E7D00C51EB3 /* LaunchScreen.storyboard in Resources */ = {isa = PBXBuildFile; fileRef = 6359BF6425D62E7D00C51EB3 /* LaunchScreen.storyboard */; };
		636B8E4325D83811000F7A8F /* UIButtonExtension.swift in Sources */ = {isa = PBXBuildFile; fileRef = 636B8E4225D83811000F7A8F /* UIButtonExtension.swift */; };
		63FE259425D63DB60060A6CA /* HomeViewController.swift in Sources */ = {isa = PBXBuildFile; fileRef = 63FE259225D63DB60060A6CA /* HomeViewController.swift */; };
		63FE259525D63DB60060A6CA /* HomeViewController.xib in Resources */ = {isa = PBXBuildFile; fileRef = 63FE259325D63DB60060A6CA /* HomeViewController.xib */; };
/* End PBXBuildFile section */

/* Begin PBXFileReference section */
		6359BF5625D62E7C00C51EB3 /* Calculator.app */ = {isa = PBXFileReference; explicitFileType = wrapper.application; includeInIndex = 0; path = Calculator.app; sourceTree = BUILT_PRODUCTS_DIR; };
		6359BF5925D62E7C00C51EB3 /* AppDelegate.swift */ = {isa = PBXFileReference; lastKnownFileType = sourcecode.swift; path = AppDelegate.swift; sourceTree = "<group>"; };
		6359BF5B25D62E7C00C51EB3 /* SceneDelegate.swift */ = {isa = PBXFileReference; lastKnownFileType = sourcecode.swift; path = SceneDelegate.swift; sourceTree = "<group>"; };
		6359BF6225D62E7D00C51EB3 /* Assets.xcassets */ = {isa = PBXFileReference; lastKnownFileType = folder.assetcatalog; path = Assets.xcassets; sourceTree = "<group>"; };
		6359BF6525D62E7D00C51EB3 /* Base */ = {isa = PBXFileReference; lastKnownFileType = file.storyboard; name = Base; path = Base.lproj/LaunchScreen.storyboard; sourceTree = "<group>"; };
		6359BF6725D62E7D00C51EB3 /* Info.plist */ = {isa = PBXFileReference; lastKnownFileType = text.plist.xml; path = Info.plist; sourceTree = "<group>"; };
		636B8E4225D83811000F7A8F /* UIButtonExtension.swift */ = {isa = PBXFileReference; lastKnownFileType = sourcecode.swift; path = UIButtonExtension.swift; sourceTree = "<group>"; };
		63FE259225D63DB60060A6CA /* HomeViewController.swift */ = {isa = PBXFileReference; lastKnownFileType = sourcecode.swift; path = HomeViewController.swift; sourceTree = "<group>"; };
		63FE259325D63DB60060A6CA /* HomeViewController.xib */ = {isa = PBXFileReference; lastKnownFileType = file.xib; path = HomeViewController.xib; sourceTree = "<group>"; };
/* End PBXFileReference section */

/* Begin PBXFrameworksBuildPhase section */
		6359BF5325D62E7C00C51EB3 /* Frameworks */ = {
			isa = PBXFrameworksBuildPhase;
			buildActionMask = 2147483647;
			files = (
			);
			runOnlyForDeploymentPostprocessing = 0;
		};
/* End PBXFrameworksBuildPhase section */

/* Begin PBXGroup section */
		6359BF4D25D62E7C00C51EB3 = {
			isa = PBXGroup;
			children = (
				6359BF5825D62E7C00C51EB3 /* Calculator */,
				6359BF5725D62E7C00C51EB3 /* Products */,
			);
			sourceTree = "<group>";
		};
		6359BF5725D62E7C00C51EB3 /* Products */ = {
			isa = PBXGroup;
			children = (
				6359BF5625D62E7C00C51EB3 /* Calculator.app */,
			);
			name = Products;
			sourceTree = "<group>";
		};
		6359BF5825D62E7C00C51EB3 /* Calculator */ = {
			isa = PBXGroup;
			children = (
				6359BF5925D62E7C00C51EB3 /* AppDelegate.swift */,
				6359BF7025D6392A00C51EB3 /* View */,
				6359BF7125D6393900C51EB3 /* Controller */,
				6359BF7225D6394400C51EB3 /* Model */,
				6359BF7325D6395500C51EB3 /* Util */,
				6359BF7425D6398E00C51EB3 /* Supporting Files */,
				6359BF5B25D62E7C00C51EB3 /* SceneDelegate.swift */,
				6359BF6225D62E7D00C51EB3 /* Assets.xcassets */,
			);
			path = Calculator;
			sourceTree = "<group>";
		};
		6359BF7025D6392A00C51EB3 /* View */ = {
			isa = PBXGroup;
			children = (
				6359BF7525D639CC00C51EB3 /* Launch */,
				63FE259025D63CF70060A6CA /* Home */,
			);
			path = View;
			sourceTree = "<group>";
		};
		6359BF7125D6393900C51EB3 /* Controller */ = {
			isa = PBXGroup;
			children = (
				63FE259125D63D010060A6CA /* Home */,
			);
			path = Controller;
			sourceTree = "<group>";
		};
		6359BF7225D6394400C51EB3 /* Model */ = {
			isa = PBXGroup;
			children = (
			);
			path = Model;
			sourceTree = "<group>";
		};
		6359BF7325D6395500C51EB3 /* Util */ = {
			isa = PBXGroup;
			children = (
				636B8E4225D83811000F7A8F /* UIButtonExtension.swift */,
			);
			path = Util;
			sourceTree = "<group>";
		};
		6359BF7425D6398E00C51EB3 /* Supporting Files */ = {
			isa = PBXGroup;
			children = (
				6359BF6725D62E7D00C51EB3 /* Info.plist */,
			);
			path = "Supporting Files";
			sourceTree = "<group>";
		};
		6359BF7525D639CC00C51EB3 /* Launch */ = {
			isa = PBXGroup;
			children = (
				6359BF6425D62E7D00C51EB3 /* LaunchScreen.storyboard */,
			);
			path = Launch;
			sourceTree = "<group>";
		};
		63FE259025D63CF70060A6CA /* Home */ = {
			isa = PBXGroup;
			children = (
				63FE259325D63DB60060A6CA /* HomeViewController.xib */,
			);
			path = Home;
			sourceTree = "<group>";
		};
		63FE259125D63D010060A6CA /* Home */ = {
			isa = PBXGroup;
			children = (
				63FE259225D63DB60060A6CA /* HomeViewController.swift */,
			);
			path = Home;
			sourceTree = "<group>";
		};
/* End PBXGroup section */

/* Begin PBXNativeTarget section */
		6359BF5525D62E7C00C51EB3 /* Calculator */ = {
			isa = PBXNativeTarget;
			buildConfigurationList = 6359BF6A25D62E7D00C51EB3 /* Build configuration list for PBXNativeTarget "Calculator" */;
			buildPhases = (
				6359BF5225D62E7C00C51EB3 /* Sources */,
				6359BF5325D62E7C00C51EB3 /* Frameworks */,
				6359BF5425D62E7C00C51EB3 /* Resources */,
			);
			buildRules = (
			);
			dependencies = (
			);
			name = Calculator;
			productName = Calculator;
			productReference = 6359BF5625D62E7C00C51EB3 /* Calculator.app */;
			productType = "com.apple.product-type.application";
		};
/* End PBXNativeTarget section */

/* Begin PBXProject section */
		6359BF4E25D62E7C00C51EB3 /* Project object */ = {
			isa = PBXProject;
			attributes = {
				LastSwiftUpdateCheck = 1240;
				LastUpgradeCheck = 1240;
				TargetAttributes = {
					6359BF5525D62E7C00C51EB3 = {
						CreatedOnToolsVersion = 12.4;
					};
				};
			};
			buildConfigurationList = 6359BF5125D62E7C00C51EB3 /* Build configuration list for PBXProject "Calculator" */;
			compatibilityVersion = "Xcode 9.3";
			developmentRegion = en;
			hasScannedForEncodings = 0;
			knownRegions = (
				en,
				Base,
			);
			mainGroup = 6359BF4D25D62E7C00C51EB3;
			productRefGroup = 6359BF5725D62E7C00C51EB3 /* Products */;
			projectDirPath = "";
			projectRoot = "";
			targets = (
				6359BF5525D62E7C00C51EB3 /* Calculator */,
			);
		};
/* End PBXProject section */

/* Begin PBXResourcesBuildPhase section */
		6359BF5425D62E7C00C51EB3 /* Resources */ = {
			isa = PBXResourcesBuildPhase;
			buildActionMask = 2147483647;
			files = (
				6359BF6625D62E7D00C51EB3 /* LaunchScreen.storyboard in Resources */,
				6359BF6325D62E7D00C51EB3 /* Assets.xcassets in Resources */,
				63FE259525D63DB60060A6CA /* HomeViewController.xib in Resources */,
			);
			runOnlyForDeploymentPostprocessing = 0;
		};
/* End PBXResourcesBuildPhase section */

/* Begin PBXSourcesBuildPhase section */
		6359BF5225D62E7C00C51EB3 /* Sources */ = {
			isa = PBXSourcesBuildPhase;
			buildActionMask = 2147483647;
			files = (
				6359BF5A25D62E7C00C51EB3 /* AppDelegate.swift in Sources */,
				636B8E4325D83811000F7A8F /* UIButtonExtension.swift in Sources */,
				6359BF5C25D62E7C00C51EB3 /* SceneDelegate.swift in Sources */,
				63FE259425D63DB60060A6CA /* HomeViewController.swift in Sources */,
			);
			runOnlyForDeploymentPostprocessing = 0;
		};
/* End PBXSourcesBuildPhase section */

/* Begin PBXVariantGroup section */
		6359BF6425D62E7D00C51EB3 /* LaunchScreen.storyboard */ = {
			isa = PBXVariantGroup;
			children = (
				6359BF6525D62E7D00C51EB3 /* Base */,
			);
			name = LaunchScreen.storyboard;
			sourceTree = "<group>";
		};
/* End PBXVariantGroup section */

/* Begin XCBuildConfiguration section */
		6359BF6825D62E7D00C51EB3 /* Debug */ = {
			isa = XCBuildConfiguration;
			buildSettings = {
				ALWAYS_SEARCH_USER_PATHS = NO;
				CLANG_ANALYZER_NONNULL = YES;
				CLANG_ANALYZER_NUMBER_OBJECT_CONVERSION = YES_AGGRESSIVE;
				CLANG_CXX_LANGUAGE_STANDARD = "gnu++14";
				CLANG_CXX_LIBRARY = "libc++";
				CLANG_ENABLE_MODULES = YES;
				CLANG_ENABLE_OBJC_ARC = YES;
				CLANG_ENABLE_OBJC_WEAK = YES;
				CLANG_WARN_BLOCK_CAPTURE_AUTORELEASING = YES;
				CLANG_WARN_BOOL_CONVERSION = YES;
				CLANG_WARN_COMMA = YES;
				CLANG_WARN_CONSTANT_CONVERSION = YES;
				CLANG_WARN_DEPRECATED_OBJC_IMPLEMENTATIONS = YES;
				CLANG_WARN_DIRECT_OBJC_ISA_USAGE = YES_ERROR;
				CLANG_WARN_DOCUMENTATION_COMMENTS = YES;
				CLANG_WARN_EMPTY_BODY = YES;
				CLANG_WARN_ENUM_CONVERSION = YES;
				CLANG_WARN_INFINITE_RECURSION = YES;
				CLANG_WARN_INT_CONVERSION = YES;
				CLANG_WARN_NON_LITERAL_NULL_CONVERSION = YES;
				CLANG_WARN_OBJC_IMPLICIT_RETAIN_SELF = YES;
				CLANG_WARN_OBJC_LITERAL_CONVERSION = YES;
				CLANG_WARN_OBJC_ROOT_CLASS = YES_ERROR;
				CLANG_WARN_QUOTED_INCLUDE_IN_FRAMEWORK_HEADER = YES;
				CLANG_WARN_RANGE_LOOP_ANALYSIS = YES;
				CLANG_WARN_STRICT_PROTOTYPES = YES;
				CLANG_WARN_SUSPICIOUS_MOVE = YES;
				CLANG_WARN_UNGUARDED_AVAILABILITY = YES_AGGRESSIVE;
				CLANG_WARN_UNREACHABLE_CODE = YES;
				CLANG_WARN__DUPLICATE_METHOD_MATCH = YES;
				COPY_PHASE_STRIP = NO;
				DEBUG_INFORMATION_FORMAT = dwarf;
				ENABLE_STRICT_OBJC_MSGSEND = YES;
				ENABLE_TESTABILITY = YES;
				GCC_C_LANGUAGE_STANDARD = gnu11;
				GCC_DYNAMIC_NO_PIC = NO;
				GCC_NO_COMMON_BLOCKS = YES;
				GCC_OPTIMIZATION_LEVEL = 0;
				GCC_PREPROCESSOR_DEFINITIONS = (
					"DEBUG=1",
					"$(inherited)",
				);
				GCC_WARN_64_TO_32_BIT_CONVERSION = YES;
				GCC_WARN_ABOUT_RETURN_TYPE = YES_ERROR;
				GCC_WARN_UNDECLARED_SELECTOR = YES;
				GCC_WARN_UNINITIALIZED_AUTOS = YES_AGGRESSIVE;
				GCC_WARN_UNUSED_FUNCTION = YES;
				GCC_WARN_UNUSED_VARIABLE = YES;
				IPHONEOS_DEPLOYMENT_TARGET = 14.4;
				MTL_ENABLE_DEBUG_INFO = INCLUDE_SOURCE;
				MTL_FAST_MATH = YES;
				ONLY_ACTIVE_ARCH = YES;
				SDKROOT = iphoneos;
				SWIFT_ACTIVE_COMPILATION_CONDITIONS = DEBUG;
				SWIFT_OPTIMIZATION_LEVEL = "-Onone";
			};
			name = Debug;
		};
		6359BF6925D62E7D00C51EB3 /* Release */ = {
			isa = XCBuildConfiguration;
			buildSettings = {
				ALWAYS_SEARCH_USER_PATHS = NO;
				CLANG_ANALYZER_NONNULL = YES;
				CLANG_ANALYZER_NUMBER_OBJECT_CONVERSION = YES_AGGRESSIVE;
				CLANG_CXX_LANGUAGE_STANDARD = "gnu++14";
				CLANG_CXX_LIBRARY = "libc++";
				CLANG_ENABLE_MODULES = YES;
				CLANG_ENABLE_OBJC_ARC = YES;
				CLANG_ENABLE_OBJC_WEAK = YES;
				CLANG_WARN_BLOCK_CAPTURE_AUTORELEASING = YES;
				CLANG_WARN_BOOL_CONVERSION = YES;
				CLANG_WARN_COMMA = YES;
				CLANG_WARN_CONSTANT_CONVERSION = YES;
				CLANG_WARN_DEPRECATED_OBJC_IMPLEMENTATIONS = YES;
				CLANG_WARN_DIRECT_OBJC_ISA_USAGE = YES_ERROR;
				CLANG_WARN_DOCUMENTATION_COMMENTS = YES;
				CLANG_WARN_EMPTY_BODY = YES;
				CLANG_WARN_ENUM_CONVERSION = YES;
				CLANG_WARN_INFINITE_RECURSION = YES;
				CLANG_WARN_INT_CONVERSION = YES;
				CLANG_WARN_NON_LITERAL_NULL_CONVERSION = YES;
				CLANG_WARN_OBJC_IMPLICIT_RETAIN_SELF = YES;
				CLANG_WARN_OBJC_LITERAL_CONVERSION = YES;
				CLANG_WARN_OBJC_ROOT_CLASS = YES_ERROR;
				CLANG_WARN_QUOTED_INCLUDE_IN_FRAMEWORK_HEADER = YES;
				CLANG_WARN_RANGE_LOOP_ANALYSIS = YES;
				CLANG_WARN_STRICT_PROTOTYPES = YES;
				CLANG_WARN_SUSPICIOUS_MOVE = YES;
				CLANG_WARN_UNGUARDED_AVAILABILITY = YES_AGGRESSIVE;
				CLANG_WARN_UNREACHABLE_CODE = YES;
				CLANG_WARN__DUPLICATE_METHOD_MATCH = YES;
				COPY_PHASE_STRIP = NO;
				DEBUG_INFORMATION_FORMAT = "dwarf-with-dsym";
				ENABLE_NS_ASSERTIONS = NO;
				ENABLE_STRICT_OBJC_MSGSEND = YES;
				GCC_C_LANGUAGE_STANDARD = gnu11;
				GCC_NO_COMMON_BLOCKS = YES;
				GCC_WARN_64_TO_32_BIT_CONVERSION = YES;
				GCC_WARN_ABOUT_RETURN_TYPE = YES_ERROR;
				GCC_WARN_UNDECLARED_SELECTOR = YES;
				GCC_WARN_UNINITIALIZED_AUTOS = YES_AGGRESSIVE;
				GCC_WARN_UNUSED_FUNCTION = YES;
				GCC_WARN_UNUSED_VARIABLE = YES;
				IPHONEOS_DEPLOYMENT_TARGET = 14.4;
				MTL_ENABLE_DEBUG_INFO = NO;
				MTL_FAST_MATH = YES;
				SDKROOT = iphoneos;
				SWIFT_COMPILATION_MODE = wholemodule;
				SWIFT_OPTIMIZATION_LEVEL = "-O";
				VALIDATE_PRODUCT = YES;
			};
			name = Release;
		};
		6359BF6B25D62E7D00C51EB3 /* Debug */ = {
			isa = XCBuildConfiguration;
			buildSettings = {
				ASSETCATALOG_COMPILER_APPICON_NAME = AppIcon;
				ASSETCATALOG_COMPILER_GLOBAL_ACCENT_COLOR_NAME = AccentColor;
				CODE_SIGN_STYLE = Automatic;
				INFOPLIST_FILE = "$(SRCROOT)/Calculator/Supporting Files/Info.plist";
				LD_RUNPATH_SEARCH_PATHS = (
					"$(inherited)",
					"@executable_path/Frameworks",
				);
				PRODUCT_BUNDLE_IDENTIFIER = com.cenfotec.mov02.01.Calculator;
				PRODUCT_NAME = "$(TARGET_NAME)";
				SWIFT_VERSION = 5.0;
				TARGETED_DEVICE_FAMILY = "1,2";
			};
			name = Debug;
		};
		6359BF6C25D62E7D00C51EB3 /* Release */ = {
			isa = XCBuildConfiguration;
			buildSettings = {
				ASSETCATALOG_COMPILER_APPICON_NAME = AppIcon;
				ASSETCATALOG_COMPILER_GLOBAL_ACCENT_COLOR_NAME = AccentColor;
				CODE_SIGN_STYLE = Automatic;
				INFOPLIST_FILE = "$(SRCROOT)/Calculator/Supporting Files/Info.plist";
				LD_RUNPATH_SEARCH_PATHS = (
					"$(inherited)",
					"@executable_path/Frameworks",
				);
				PRODUCT_BUNDLE_IDENTIFIER = com.cenfotec.mov02.01.Calculator;
				PRODUCT_NAME = "$(TARGET_NAME)";
				SWIFT_VERSION = 5.0;
				TARGETED_DEVICE_FAMILY = "1,2";
			};
			name = Release;
		};
/* End XCBuildConfiguration section */

/* Begin XCConfigurationList section */
		6359BF5125D62E7C00C51EB3 /* Build configuration list for PBXProject "Calculator" */ = {
			isa = XCConfigurationList;
			buildConfigurations = (
				6359BF6825D62E7D00C51EB3 /* Debug */,
				6359BF6925D62E7D00C51EB3 /* Release */,
			);
			defaultConfigurationIsVisible = 0;
			defaultConfigurationName = Release;
		};
		6359BF6A25D62E7D00C51EB3 /* Build configuration list for PBXNativeTarget "Calculator" */ = {
			isa = XCConfigurationList;
			buildConfigurations = (
				6359BF6B25D62E7D00C51EB3 /* Debug */,
				6359BF6C25D62E7D00C51EB3 /* Release */,
			);
			defaultConfigurationIsVisible = 0;
			defaultConfigurationName = Release;
		};
/* End XCConfigurationList section */
	};
	rootObject = 6359BF4E25D62E7C00C51EB3 /* Project object */;
}
